{
  "name": "ssh2shell",
  "version": "1.9.2",
  "lockfileVersion": 1,
  "requires": true,
  "dependencies": {
    "asn1": {
      "version": "0.2.3",
      "resolved": "https://registry.npmjs.org/asn1/-/asn1-0.2.3.tgz",
      "integrity": "sha1-2sh4dxPJlmhJ/IGAd36+nB3fO4Y="
    },
    "coffee-script": {
      "version": "1.11.1",
      "resolved": "https://registry.npmjs.org/coffee-script/-/coffee-script-1.11.1.tgz",
      "integrity": "sha1-vxxHrWREOg2V0S3ysUfMCk2q1uk=",
      "dev": true
    },
    "dotenv": {
      "version": "2.0.0",
      "resolved": "https://registry.npmjs.org/dotenv/-/dotenv-2.0.0.tgz",
      "integrity": "sha1-vXWcNXqqcDZeAclrewvsCKbg2Uk=",
      "dev": true
    },
    "semver": {
      "version": "5.3.0",
      "resolved": "https://registry.npmjs.org/semver/-/semver-5.3.0.tgz",
      "integrity": "sha1-myzl094C0XxgEq0yaqa00M9U+U8="
    },
    "ssh2": {
      "version": "0.5.4",
      "resolved": "https://registry.npmjs.org/ssh2/-/ssh2-0.5.4.tgz",
      "integrity": "sha1-G/a2soyW6u8mf01sRqWiUXpZnic=",
      "requires": {
        "ssh2-streams": "0.1.16"
      }
    },
    "ssh2-streams": {
      "version": "0.1.16",
      "resolved": "https://registry.npmjs.org/ssh2-streams/-/ssh2-streams-0.1.16.tgz",
      "integrity": "sha1-rJ086eBi+M8I/M5bOidLbVzs3FQ=",
      "requires": {
        "asn1": "0.2.3",
        "semver": "5.3.0",
        "streamsearch": "0.1.2"
      }
    },
    "streamsearch": {
      "version": "0.1.2",
      "resolved": "https://registry.npmjs.org/streamsearch/-/streamsearch-0.1.2.tgz",
      "integrity": "sha1-gIudDlb8Jz2Am6VzOOkpkZoanxo="
    }
  }
}
